
Microsoft Visual Studio Solution File, Format Version 12.00
# Visual Studio Version 16
VisualStudioVersion = 16.0.33130.400
MinimumVisualStudioVersion = 10.0.40219.1
Project("{FAE04EC0-301F-11D3-BF4B-00C04F79EFBC}") = "HTMLMVC Link", "HTMLMVC Link\HTMLMVC Link.csproj", "{8E25BFB1-5070-4F0C-8143-63FAD66C17E8}"
EndProject
Global
	GlobalSection(SolutionConfigurationPlatforms) = preSolution
		Debug|Any CPU = Debug|Any CPU
		Release|Any CPU = Release|Any CPU
	EndGlobalSection
	GlobalSection(ProjectConfigurationPlatforms) = postSolution
		{8E25BFB1-5070-4F0C-8143-63FAD66C17E8}.Debug|Any CPU.ActiveCfg = Debug|Any CPU
		{8E25BFB1-5070-4F0C-8143-63FAD66C17E8}.Debug|Any CPU.Build.0 = Debug|Any CPU
		{8E25BFB1-5070-4F0C-8143-63FAD66C17E8}.Release|Any CPU.ActiveCfg = Release|Any CPU
		{8E25BFB1-5070-4F0C-8143-63FAD66C17E8}.Release|Any CPU.Build.0 = Release|Any CPU
	EndGlobalSection
	GlobalSection(SolutionProperties) = preSolution
		HideSolutionNode = FALSE
	EndGlobalSection
	GlobalSection(ExtensibilityGlobals) = postSolution
		SolutionGuid = {C5E79BC9-6796-4E00-8DBB-0E3EC76376D2}
	EndGlobalSection
EndGlobal
